
Microsoft Visual Studio Solution File, Format Version 12.00
# Visual Studio Version 17
VisualStudioVersion = 17.4.33213.308
MinimumVisualStudioVersion = 10.0.40219.1
Project("{9A19103F-16F7-4668-BE54-9A1E7A4F7556}") = "ZoomFOVScaling", "ZoomFOVScaling\ZoomFOVScaling.csproj", "{4863733C-8E55-44A1-B592-B3B36DE760B2}"
EndProject
Global
	GlobalSection(SolutionConfigurationPlatforms) = preSolution
		Debug|Any CPU = Debug|Any CPU
		Release|Any CPU = Release|Any CPU
	EndGlobalSection
	GlobalSection(ProjectConfigurationPlatforms) = postSolution
		{4863733C-8E55-44A1-B592-B3B36DE760B2}.Debug|Any CPU.ActiveCfg = Debug|Any CPU
		{4863733C-8E55-44A1-B592-B3B36DE760B2}.Debug|Any CPU.Build.0 = Debug|Any CPU
		{4863733C-8E55-44A1-B592-B3B36DE760B2}.Release|Any CPU.ActiveCfg = Release|Any CPU
		{4863733C-8E55-44A1-B592-B3B36DE760B2}.Release|Any CPU.Build.0 = Release|Any CPU
	EndGlobalSection
	GlobalSection(SolutionProperties) = preSolution
		HideSolutionNode = FALSE
	EndGlobalSection
	GlobalSection(ExtensibilityGlobals) = postSolution
		SolutionGuid = {DDC67A57-41E1-4D63-B704-9D34D2B9D9B7}
	EndGlobalSection
EndGlobal
